
Microsoft Visual Studio Solution File, Format Version 12.00
# Visual Studio Version 17
VisualStudioVersion = 17.6.33801.468
MinimumVisualStudioVersion = 10.0.40219.1
Project("{FAE04EC0-301F-11D3-BF4B-00C04F79EFBC}") = "FormatValidator.Client", "FormatValidator.Client.csproj", "{2C847077-BEF8-4231-9097-9D2A1CBB8F2D}"
EndProject
Project("{FAE04EC0-301F-11D3-BF4B-00C04F79EFBC}") = "FormatValidator.String", "..\FormatValidator.String\FormatValidator.String.csproj", "{2F6A9EDA-BDA7-49E1-802F-A78C9EAF27E9}"
EndProject
Project("{FAE04EC0-301F-11D3-BF4B-00C04F79EFBC}") = "FormatValidator.UnitTest", "..\FormatValidator.UnitTest\FormatValidator.UnitTest.csproj", "{0ED88016-16FD-4BDB-9BDB-03AF0D7B815F}"
EndProject
Global
	GlobalSection(SolutionConfigurationPlatforms) = preSolution
		Debug|Any CPU = Debug|Any CPU
		Release|Any CPU = Release|Any CPU
	EndGlobalSection
	GlobalSection(ProjectConfigurationPlatforms) = postSolution
		{2C847077-BEF8-4231-9097-9D2A1CBB8F2D}.Debug|Any CPU.ActiveCfg = Debug|Any CPU
		{2C847077-BEF8-4231-9097-9D2A1CBB8F2D}.Debug|Any CPU.Build.0 = Debug|Any CPU
		{2C847077-BEF8-4231-9097-9D2A1CBB8F2D}.Release|Any CPU.ActiveCfg = Release|Any CPU
		{2C847077-BEF8-4231-9097-9D2A1CBB8F2D}.Release|Any CPU.Build.0 = Release|Any CPU
		{2F6A9EDA-BDA7-49E1-802F-A78C9EAF27E9}.Debug|Any CPU.ActiveCfg = Debug|Any CPU
		{2F6A9EDA-BDA7-49E1-802F-A78C9EAF27E9}.Debug|Any CPU.Build.0 = Debug|Any CPU
		{2F6A9EDA-BDA7-49E1-802F-A78C9EAF27E9}.Release|Any CPU.ActiveCfg = Release|Any CPU
		{2F6A9EDA-BDA7-49E1-802F-A78C9EAF27E9}.Release|Any CPU.Build.0 = Release|Any CPU
		{0ED88016-16FD-4BDB-9BDB-03AF0D7B815F}.Debug|Any CPU.ActiveCfg = Debug|Any CPU
		{0ED88016-16FD-4BDB-9BDB-03AF0D7B815F}.Debug|Any CPU.Build.0 = Debug|Any CPU
		{0ED88016-16FD-4BDB-9BDB-03AF0D7B815F}.Release|Any CPU.ActiveCfg = Release|Any CPU
		{0ED88016-16FD-4BDB-9BDB-03AF0D7B815F}.Release|Any CPU.Build.0 = Release|Any CPU
	EndGlobalSection
	GlobalSection(SolutionProperties) = preSolution
		HideSolutionNode = FALSE
	EndGlobalSection
	GlobalSection(ExtensibilityGlobals) = postSolution
		SolutionGuid = {00412626-5025-4D19-93B3-5F5B10F12850}
	EndGlobalSection
EndGlobal
